
Microsoft Visual Studio Solution File, Format Version 12.00
# Visual Studio 14
VisualStudioVersion = 14.0.25420.1
MinimumVisualStudioVersion = 10.0.40219.1
Project("{FAE04EC0-301F-11D3-BF4B-00C04F79EFBC}") = "01. ASP.NET Web Forms application", "01. ASP.NET Web Forms application\01. ASP.NET Web Forms application.csproj", "{70DF6C21-52A6-4628-9178-625CFB4C6224}"
EndProject
Project("{FAE04EC0-301F-11D3-BF4B-00C04F79EFBC}") = "01 ASP.NET Single Page application", "01 ASP.NET Single Page application\01 ASP.NET Single Page application.csproj", "{AE0680D7-E630-4598-B2B7-900EDB651090}"
EndProject
Project("{FAE04EC0-301F-11D3-BF4B-00C04F79EFBC}") = "01. ASP.NET Web API application", "01. ASP.NET Web API application\01. ASP.NET Web API application.csproj", "{35B678C3-A649-460C-ADBE-E6EB56B9F9EA}"
EndProject
Project("{FAE04EC0-301F-11D3-BF4B-00C04F79EFBC}") = "01. ASP.NET MVC application", "01. ASP.NET MVC application\01. ASP.NET MVC application.csproj", "{C6F9DE9F-DEF8-4E2C-8B31-4B70C813F196}"
EndProject
Global
	GlobalSection(SolutionConfigurationPlatforms) = preSolution
		Debug|Any CPU = Debug|Any CPU
		Release|Any CPU = Release|Any CPU
	EndGlobalSection
	GlobalSection(ProjectConfigurationPlatforms) = postSolution
		{70DF6C21-52A6-4628-9178-625CFB4C6224}.Debug|Any CPU.ActiveCfg = Debug|Any CPU
		{70DF6C21-52A6-4628-9178-625CFB4C6224}.Debug|Any CPU.Build.0 = Debug|Any CPU
		{70DF6C21-52A6-4628-9178-625CFB4C6224}.Release|Any CPU.ActiveCfg = Release|Any CPU
		{70DF6C21-52A6-4628-9178-625CFB4C6224}.Release|Any CPU.Build.0 = Release|Any CPU
		{AE0680D7-E630-4598-B2B7-900EDB651090}.Debug|Any CPU.ActiveCfg = Debug|Any CPU
		{AE0680D7-E630-4598-B2B7-900EDB651090}.Debug|Any CPU.Build.0 = Debug|Any CPU
		{AE0680D7-E630-4598-B2B7-900EDB651090}.Release|Any CPU.ActiveCfg = Release|Any CPU
		{AE0680D7-E630-4598-B2B7-900EDB651090}.Release|Any CPU.Build.0 = Release|Any CPU
		{35B678C3-A649-460C-ADBE-E6EB56B9F9EA}.Debug|Any CPU.ActiveCfg = Debug|Any CPU
		{35B678C3-A649-460C-ADBE-E6EB56B9F9EA}.Debug|Any CPU.Build.0 = Debug|Any CPU
		{35B678C3-A649-460C-ADBE-E6EB56B9F9EA}.Release|Any CPU.ActiveCfg = Release|Any CPU
		{35B678C3-A649-460C-ADBE-E6EB56B9F9EA}.Release|Any CPU.Build.0 = Release|Any CPU
		{C6F9DE9F-DEF8-4E2C-8B31-4B70C813F196}.Debug|Any CPU.ActiveCfg = Debug|Any CPU
		{C6F9DE9F-DEF8-4E2C-8B31-4B70C813F196}.Debug|Any CPU.Build.0 = Debug|Any CPU
		{C6F9DE9F-DEF8-4E2C-8B31-4B70C813F196}.Release|Any CPU.ActiveCfg = Release|Any CPU
		{C6F9DE9F-DEF8-4E2C-8B31-4B70C813F196}.Release|Any CPU.Build.0 = Release|Any CPU
	EndGlobalSection
	GlobalSection(SolutionProperties) = preSolution
		HideSolutionNode = FALSE
	EndGlobalSection
EndGlobal
