
Microsoft Visual Studio Solution File, Format Version 12.00
# Visual Studio 14
VisualStudioVersion = 14.0.25420.1
MinimumVisualStudioVersion = 10.0.40219.1
Project("{2150E333-8FDC-42A3-9474-1A3956D46DE8}") = "Solution Items", "Solution Items", "{EBCDFFDF-BD6F-42E6-94CA-C88B90064AEC}"
	ProjectSection(SolutionItems) = preProject
		README.md = README.md
	EndProjectSection
EndProject
Project("{FAE04EC0-301F-11D3-BF4B-00C04F79EFBC}") = "Tasks 1 - 2", "Tasks 1 - 2\Tasks 1 - 2.csproj", "{1CA33975-FE16-4227-A802-439C329DF7CD}"
EndProject
Project("{FAE04EC0-301F-11D3-BF4B-00C04F79EFBC}") = "Task 3. Students and Courses", "Task 3. Students and Courses\Task 3. Students and Courses.csproj", "{A1FA4418-7142-4608-8F67-CC0E13A14B3A}"
EndProject
Project("{FAE04EC0-301F-11D3-BF4B-00C04F79EFBC}") = "Task 3. Students and Courses.Tests", "Task 3. Students and Courses.Tests\Task 3. Students and Courses.Tests.csproj", "{F2B829F2-D2DE-41D4-8DBC-4B13816FD4A5}"
EndProject
Project("{FAE04EC0-301F-11D3-BF4B-00C04F79EFBC}") = "Task 4. Tic-tac-toe", "Task 4. Tic-tac-toe\Task 4. Tic-tac-toe.csproj", "{D6A54CDF-23B7-4C7C-94DC-AB06FC9B1DE3}"
EndProject
Project("{FAE04EC0-301F-11D3-BF4B-00C04F79EFBC}") = "Task 5. Web Calculator", "Task 5. Web Calculator\Task 5. Web Calculator.csproj", "{7553B75E-6038-48AB-AF66-CED02D86DE4E}"
EndProject
Project("{FAE04EC0-301F-11D3-BF4B-00C04F79EFBC}") = "Task 5. Web Calculator.Tests", "Task 5. Web Calculator.Tests\Task 5. Web Calculator.Tests.csproj", "{244CC128-5A6B-4B0D-B4D2-48A86B709C54}"
EndProject
Global
	GlobalSection(SolutionConfigurationPlatforms) = preSolution
		Debug|Any CPU = Debug|Any CPU
		Release|Any CPU = Release|Any CPU
	EndGlobalSection
	GlobalSection(ProjectConfigurationPlatforms) = postSolution
		{1CA33975-FE16-4227-A802-439C329DF7CD}.Debug|Any CPU.ActiveCfg = Debug|Any CPU
		{1CA33975-FE16-4227-A802-439C329DF7CD}.Debug|Any CPU.Build.0 = Debug|Any CPU
		{1CA33975-FE16-4227-A802-439C329DF7CD}.Release|Any CPU.ActiveCfg = Release|Any CPU
		{1CA33975-FE16-4227-A802-439C329DF7CD}.Release|Any CPU.Build.0 = Release|Any CPU
		{A1FA4418-7142-4608-8F67-CC0E13A14B3A}.Debug|Any CPU.ActiveCfg = Debug|Any CPU
		{A1FA4418-7142-4608-8F67-CC0E13A14B3A}.Debug|Any CPU.Build.0 = Debug|Any CPU
		{A1FA4418-7142-4608-8F67-CC0E13A14B3A}.Release|Any CPU.ActiveCfg = Release|Any CPU
		{A1FA4418-7142-4608-8F67-CC0E13A14B3A}.Release|Any CPU.Build.0 = Release|Any CPU
		{F2B829F2-D2DE-41D4-8DBC-4B13816FD4A5}.Debug|Any CPU.ActiveCfg = Debug|Any CPU
		{F2B829F2-D2DE-41D4-8DBC-4B13816FD4A5}.Debug|Any CPU.Build.0 = Debug|Any CPU
		{F2B829F2-D2DE-41D4-8DBC-4B13816FD4A5}.Release|Any CPU.ActiveCfg = Release|Any CPU
		{F2B829F2-D2DE-41D4-8DBC-4B13816FD4A5}.Release|Any CPU.Build.0 = Release|Any CPU
		{D6A54CDF-23B7-4C7C-94DC-AB06FC9B1DE3}.Debug|Any CPU.ActiveCfg = Debug|Any CPU
		{D6A54CDF-23B7-4C7C-94DC-AB06FC9B1DE3}.Debug|Any CPU.Build.0 = Debug|Any CPU
		{D6A54CDF-23B7-4C7C-94DC-AB06FC9B1DE3}.Release|Any CPU.ActiveCfg = Release|Any CPU
		{D6A54CDF-23B7-4C7C-94DC-AB06FC9B1DE3}.Release|Any CPU.Build.0 = Release|Any CPU
		{7553B75E-6038-48AB-AF66-CED02D86DE4E}.Debug|Any CPU.ActiveCfg = Debug|Any CPU
		{7553B75E-6038-48AB-AF66-CED02D86DE4E}.Debug|Any CPU.Build.0 = Debug|Any CPU
		{7553B75E-6038-48AB-AF66-CED02D86DE4E}.Release|Any CPU.ActiveCfg = Release|Any CPU
		{7553B75E-6038-48AB-AF66-CED02D86DE4E}.Release|Any CPU.Build.0 = Release|Any CPU
		{244CC128-5A6B-4B0D-B4D2-48A86B709C54}.Debug|Any CPU.ActiveCfg = Debug|Any CPU
		{244CC128-5A6B-4B0D-B4D2-48A86B709C54}.Debug|Any CPU.Build.0 = Debug|Any CPU
		{244CC128-5A6B-4B0D-B4D2-48A86B709C54}.Release|Any CPU.ActiveCfg = Release|Any CPU
		{244CC128-5A6B-4B0D-B4D2-48A86B709C54}.Release|Any CPU.Build.0 = Release|Any CPU
	EndGlobalSection
	GlobalSection(SolutionProperties) = preSolution
		HideSolutionNode = FALSE
	EndGlobalSection
EndGlobal
